
Microsoft Visual Studio Solution File, Format Version 12.00
# Visual Studio Version 16
VisualStudioVersion = 16.0.31019.35
MinimumVisualStudioVersion = 10.0.40219.1
Project("{FAE04EC0-301F-11D3-BF4B-00C04F79EFBC}") = "RC.AutoMapper", "RC.AutoMapper\RC.AutoMapper.csproj", "{FFA809B3-329D-4EB0-B414-D092B5AB4DD6}"
EndProject
Project("{FAE04EC0-301F-11D3-BF4B-00C04F79EFBC}") = "RC.AutoMapper.Test", "..\RC.AutoMapper.Test\RC.AutoMapper.Test.csproj", "{D4DDB173-9D4E-4464-AE58-CA178EB105BD}"
EndProject
Global
	GlobalSection(SolutionConfigurationPlatforms) = preSolution
		Debug|Any CPU = Debug|Any CPU
		Release|Any CPU = Release|Any CPU
	EndGlobalSection
	GlobalSection(ProjectConfigurationPlatforms) = postSolution
		{FFA809B3-329D-4EB0-B414-D092B5AB4DD6}.Debug|Any CPU.ActiveCfg = Debug|Any CPU
		{FFA809B3-329D-4EB0-B414-D092B5AB4DD6}.Debug|Any CPU.Build.0 = Debug|Any CPU
		{FFA809B3-329D-4EB0-B414-D092B5AB4DD6}.Release|Any CPU.ActiveCfg = Release|Any CPU
		{FFA809B3-329D-4EB0-B414-D092B5AB4DD6}.Release|Any CPU.Build.0 = Release|Any CPU
		{D4DDB173-9D4E-4464-AE58-CA178EB105BD}.Debug|Any CPU.ActiveCfg = Debug|Any CPU
		{D4DDB173-9D4E-4464-AE58-CA178EB105BD}.Debug|Any CPU.Build.0 = Debug|Any CPU
		{D4DDB173-9D4E-4464-AE58-CA178EB105BD}.Release|Any CPU.ActiveCfg = Release|Any CPU
		{D4DDB173-9D4E-4464-AE58-CA178EB105BD}.Release|Any CPU.Build.0 = Release|Any CPU
	EndGlobalSection
	GlobalSection(SolutionProperties) = preSolution
		HideSolutionNode = FALSE
	EndGlobalSection
	GlobalSection(ExtensibilityGlobals) = postSolution
		SolutionGuid = {BB9702B3-53BA-4F9F-AA81-D3CABCDD537D}
	EndGlobalSection
EndGlobal
